// !$*UTF8*$!
{
	archiveVersion = 1;
	classes = {
	};
	objectVersion = 56;
	objects = {

/* Begin PBXBuildFile section */
		35CEEA0E2C9494DF0096B2A6 /* AppDelegate.swift in Sources */ = {isa = PBXBuildFile; fileRef = 35CEEA0D2C9494DF0096B2A6 /* AppDelegate.swift */; };
		35CEEA102C9494DF0096B2A6 /* SceneDelegate.swift in Sources */ = {isa = PBXBuildFile; fileRef = 35CEEA0F2C9494DF0096B2A6 /* SceneDelegate.swift */; };
		35CEEA122C9494DF0096B2A6 /* HomeMenuController.swift in Sources */ = {isa = PBXBuildFile; fileRef = 35CEEA112C9494DF0096B2A6 /* HomeMenuController.swift */; };
		35CEEA172C9494E10096B2A6 /* Assets.xcassets in Resources */ = {isa = PBXBuildFile; fileRef = 35CEEA162C9494E10096B2A6 /* Assets.xcassets */; };
		35CEEA1A2C9494E10096B2A6 /* Base in Resources */ = {isa = PBXBuildFile; fileRef = 35CEEA192C9494E10096B2A6 /* Base */; };
		35CEEA3E2C94B05E0096B2A6 /* Coordinator.swift in Sources */ = {isa = PBXBuildFile; fileRef = 35CEEA3D2C94B05E0096B2A6 /* Coordinator.swift */; };
		35CEEA412C94B09E0096B2A6 /* AppCoordinator.swift in Sources */ = {isa = PBXBuildFile; fileRef = 35CEEA402C94B09E0096B2A6 /* AppCoordinator.swift */; };
		35CEEA432C94B0E30096B2A6 /* AppFactory.swift in Sources */ = {isa = PBXBuildFile; fileRef = 35CEEA422C94B0E30096B2A6 /* AppFactory.swift */; };
		35CEEA452C94B37D0096B2A6 /* HomeCoordinator.swift in Sources */ = {isa = PBXBuildFile; fileRef = 35CEEA442C94B37D0096B2A6 /* HomeCoordinator.swift */; };
		35CEEA472C94B3B30096B2A6 /* HomeFactory.swift in Sources */ = {isa = PBXBuildFile; fileRef = 35CEEA462C94B3B30096B2A6 /* HomeFactory.swift */; };
/* End PBXBuildFile section */

/* Begin PBXFileReference section */
		35CEEA0A2C9494DF0096B2A6 /* RickAndMorty-MVVM-C.app */ = {isa = PBXFileReference; explicitFileType = wrapper.application; includeInIndex = 0; path = "RickAndMorty-MVVM-C.app"; sourceTree = BUILT_PRODUCTS_DIR; };
		35CEEA0D2C9494DF0096B2A6 /* AppDelegate.swift */ = {isa = PBXFileReference; lastKnownFileType = sourcecode.swift; path = AppDelegate.swift; sourceTree = "<group>"; };
		35CEEA0F2C9494DF0096B2A6 /* SceneDelegate.swift */ = {isa = PBXFileReference; lastKnownFileType = sourcecode.swift; path = SceneDelegate.swift; sourceTree = "<group>"; };
		35CEEA112C9494DF0096B2A6 /* HomeMenuController.swift */ = {isa = PBXFileReference; lastKnownFileType = sourcecode.swift; path = HomeMenuController.swift; sourceTree = "<group>"; };
		35CEEA162C9494E10096B2A6 /* Assets.xcassets */ = {isa = PBXFileReference; lastKnownFileType = folder.assetcatalog; path = Assets.xcassets; sourceTree = "<group>"; };
		35CEEA192C9494E10096B2A6 /* Base */ = {isa = PBXFileReference; lastKnownFileType = file.storyboard; name = Base; path = Base.lproj/LaunchScreen.storyboard; sourceTree = "<group>"; };
		35CEEA1B2C9494E10096B2A6 /* Info.plist */ = {isa = PBXFileReference; lastKnownFileType = text.plist.xml; path = Info.plist; sourceTree = "<group>"; };
		35CEEA3D2C94B05E0096B2A6 /* Coordinator.swift */ = {isa = PBXFileReference; lastKnownFileType = sourcecode.swift; path = Coordinator.swift; sourceTree = "<group>"; };
		35CEEA402C94B09E0096B2A6 /* AppCoordinator.swift */ = {isa = PBXFileReference; lastKnownFileType = sourcecode.swift; path = AppCoordinator.swift; sourceTree = "<group>"; };
		35CEEA422C94B0E30096B2A6 /* AppFactory.swift */ = {isa = PBXFileReference; lastKnownFileType = sourcecode.swift; path = AppFactory.swift; sourceTree = "<group>"; };
		35CEEA442C94B37D0096B2A6 /* HomeCoordinator.swift */ = {isa = PBXFileReference; lastKnownFileType = sourcecode.swift; path = HomeCoordinator.swift; sourceTree = "<group>"; };
		35CEEA462C94B3B30096B2A6 /* HomeFactory.swift */ = {isa = PBXFileReference; lastKnownFileType = sourcecode.swift; path = HomeFactory.swift; sourceTree = "<group>"; };
/* End PBXFileReference section */

/* Begin PBXFrameworksBuildPhase section */
		35CEEA072C9494DF0096B2A6 /* Frameworks */ = {
			isa = PBXFrameworksBuildPhase;
			buildActionMask = 2147483647;
			files = (
			);
			runOnlyForDeploymentPostprocessing = 0;
		};
/* End PBXFrameworksBuildPhase section */

/* Begin PBXGroup section */
		35CEEA012C9494DF0096B2A6 = {
			isa = PBXGroup;
			children = (
				35CEEA0C2C9494DF0096B2A6 /* RickAndMorty-MVVM-C */,
				35CEEA0B2C9494DF0096B2A6 /* Products */,
			);
			sourceTree = "<group>";
		};
		35CEEA0B2C9494DF0096B2A6 /* Products */ = {
			isa = PBXGroup;
			children = (
				35CEEA0A2C9494DF0096B2A6 /* RickAndMorty-MVVM-C.app */,
			);
			name = Products;
			sourceTree = "<group>";
		};
		35CEEA0C2C9494DF0096B2A6 /* RickAndMorty-MVVM-C */ = {
			isa = PBXGroup;
			children = (
				35CEEA272C94ABF60096B2A6 /* Storage */,
				35CEEA262C94ABF00096B2A6 /* Resources */,
				35CEEA252C94ABE80096B2A6 /* Networking */,
				35CEEA242C94ABE30096B2A6 /* Common */,
				35CEEA232C94ABD50096B2A6 /* ScreenModules */,
				35CEEA222C94ABCD0096B2A6 /* CompositionRoot */,
				35CEEA212C94ABC50096B2A6 /* App */,
				35CEEA1B2C9494E10096B2A6 /* Info.plist */,
			);
			path = "RickAndMorty-MVVM-C";
			sourceTree = "<group>";
		};
		35CEEA212C94ABC50096B2A6 /* App */ = {
			isa = PBXGroup;
			children = (
			);
			path = App;
			sourceTree = "<group>";
		};
		35CEEA222C94ABCD0096B2A6 /* CompositionRoot */ = {
			isa = PBXGroup;
			children = (
				35CEEA3C2C94AEE90096B2A6 /* System */,
				35CEEA3A2C94ADBB0096B2A6 /* DIContainer */,
				35CEEA392C94ADA40096B2A6 /* Factories */,
				35CEEA362C94AD840096B2A6 /* Coordinator */,
			);
			path = CompositionRoot;
			sourceTree = "<group>";
		};
		35CEEA232C94ABD50096B2A6 /* ScreenModules */ = {
			isa = PBXGroup;
			children = (
				35CEEA3B2C94ADE80096B2A6 /* LaunchScreen */,
				35CEEA2B2C94AC810096B2A6 /* Locations */,
				35CEEA2A2C94AC790096B2A6 /* CharacterDetail */,
				35CEEA292C94AC720096B2A6 /* Characters */,
				35CEEA282C94AC020096B2A6 /* HomeMenu */,
			);
			path = ScreenModules;
			sourceTree = "<group>";
		};
		35CEEA242C94ABE30096B2A6 /* Common */ = {
			isa = PBXGroup;
			children = (
				35CEEA352C94AD0F0096B2A6 /* Localize */,
				35CEEA342C94AD080096B2A6 /* StateController */,
				35CEEA332C94ACFB0096B2A6 /* Utils */,
				35CEEA2F2C94ACA00096B2A6 /* Layer */,
				35CEEA2E2C94AC9A0096B2A6 /* Constants */,
				35CEEA2C2C94AC910096B2A6 /* Extensions */,
			);
			path = Common;
			sourceTree = "<group>";
		};
		35CEEA252C94ABE80096B2A6 /* Networking */ = {
			isa = PBXGroup;
			children = (
			);
			path = Networking;
			sourceTree = "<group>";
		};
		35CEEA262C94ABF00096B2A6 /* Resources */ = {
			isa = PBXGroup;
			children = (
				35CEEA162C9494E10096B2A6 /* Assets.xcassets */,
			);
			path = Resources;
			sourceTree = "<group>";
		};
		35CEEA272C94ABF60096B2A6 /* Storage */ = {
			isa = PBXGroup;
			children = (
			);
			path = Storage;
			sourceTree = "<group>";
		};
		35CEEA282C94AC020096B2A6 /* HomeMenu */ = {
			isa = PBXGroup;
			children = (
				35CEEA112C9494DF0096B2A6 /* HomeMenuController.swift */,
			);
			path = HomeMenu;
			sourceTree = "<group>";
		};
		35CEEA292C94AC720096B2A6 /* Characters */ = {
			isa = PBXGroup;
			children = (
			);
			path = Characters;
			sourceTree = "<group>";
		};
		35CEEA2A2C94AC790096B2A6 /* CharacterDetail */ = {
			isa = PBXGroup;
			children = (
			);
			path = CharacterDetail;
			sourceTree = "<group>";
		};
		35CEEA2B2C94AC810096B2A6 /* Locations */ = {
			isa = PBXGroup;
			children = (
			);
			path = Locations;
			sourceTree = "<group>";
		};
		35CEEA2C2C94AC910096B2A6 /* Extensions */ = {
			isa = PBXGroup;
			children = (
			);
			path = Extensions;
			sourceTree = "<group>";
		};
		35CEEA2D2C94AC960096B2A6 /* Components */ = {
			isa = PBXGroup;
			children = (
			);
			path = Components;
			sourceTree = "<group>";
		};
		35CEEA2E2C94AC9A0096B2A6 /* Constants */ = {
			isa = PBXGroup;
			children = (
			);
			path = Constants;
			sourceTree = "<group>";
		};
		35CEEA2F2C94ACA00096B2A6 /* Layer */ = {
			isa = PBXGroup;
			children = (
				35CEEA322C94ACDE0096B2A6 /* Presentation */,
				35CEEA312C94ACD30096B2A6 /* Domain */,
				35CEEA302C94ACB00096B2A6 /* Data */,
			);
			path = Layer;
			sourceTree = "<group>";
		};
		35CEEA302C94ACB00096B2A6 /* Data */ = {
			isa = PBXGroup;
			children = (
			);
			path = Data;
			sourceTree = "<group>";
		};
		35CEEA312C94ACD30096B2A6 /* Domain */ = {
			isa = PBXGroup;
			children = (
			);
			path = Domain;
			sourceTree = "<group>";
		};
		35CEEA322C94ACDE0096B2A6 /* Presentation */ = {
			isa = PBXGroup;
			children = (
				35CEEA2D2C94AC960096B2A6 /* Components */,
			);
			path = Presentation;
			sourceTree = "<group>";
		};
		35CEEA332C94ACFB0096B2A6 /* Utils */ = {
			isa = PBXGroup;
			children = (
			);
			path = Utils;
			sourceTree = "<group>";
		};
		35CEEA342C94AD080096B2A6 /* StateController */ = {
			isa = PBXGroup;
			children = (
			);
			path = StateController;
			sourceTree = "<group>";
		};
		35CEEA352C94AD0F0096B2A6 /* Localize */ = {
			isa = PBXGroup;
			children = (
			);
			path = Localize;
			sourceTree = "<group>";
		};
		35CEEA362C94AD840096B2A6 /* Coordinator */ = {
			isa = PBXGroup;
			children = (
				35CEEA3F2C94B08F0096B2A6 /* AppCoordinator */,
				35CEEA382C94AD930096B2A6 /* CoordinatorScreens */,
				35CEEA372C94AD8A0096B2A6 /* Utils */,
			);
			path = Coordinator;
			sourceTree = "<group>";
		};
		35CEEA372C94AD8A0096B2A6 /* Utils */ = {
			isa = PBXGroup;
			children = (
			);
			path = Utils;
			sourceTree = "<group>";
		};
		35CEEA382C94AD930096B2A6 /* CoordinatorScreens */ = {
			isa = PBXGroup;
			children = (
				35CEEA442C94B37D0096B2A6 /* HomeCoordinator.swift */,
			);
			path = CoordinatorScreens;
			sourceTree = "<group>";
		};
		35CEEA392C94ADA40096B2A6 /* Factories */ = {
			isa = PBXGroup;
			children = (
				35CEEA422C94B0E30096B2A6 /* AppFactory.swift */,
				35CEEA462C94B3B30096B2A6 /* HomeFactory.swift */,
			);
			path = Factories;
			sourceTree = "<group>";
		};
		35CEEA3A2C94ADBB0096B2A6 /* DIContainer */ = {
			isa = PBXGroup;
			children = (
			);
			path = DIContainer;
			sourceTree = "<group>";
		};
		35CEEA3B2C94ADE80096B2A6 /* LaunchScreen */ = {
			isa = PBXGroup;
			children = (
				35CEEA182C9494E10096B2A6 /* LaunchScreen.storyboard */,
			);
			path = LaunchScreen;
			sourceTree = "<group>";
		};
		35CEEA3C2C94AEE90096B2A6 /* System */ = {
			isa = PBXGroup;
			children = (
				35CEEA0D2C9494DF0096B2A6 /* AppDelegate.swift */,
				35CEEA0F2C9494DF0096B2A6 /* SceneDelegate.swift */,
			);
			path = System;
			sourceTree = "<group>";
		};
		35CEEA3F2C94B08F0096B2A6 /* AppCoordinator */ = {
			isa = PBXGroup;
			children = (
				35CEEA3D2C94B05E0096B2A6 /* Coordinator.swift */,
				35CEEA402C94B09E0096B2A6 /* AppCoordinator.swift */,
			);
			path = AppCoordinator;
			sourceTree = "<group>";
		};
/* End PBXGroup section */

/* Begin PBXNativeTarget section */
		35CEEA092C9494DF0096B2A6 /* RickAndMorty-MVVM-C */ = {
			isa = PBXNativeTarget;
			buildConfigurationList = 35CEEA1E2C9494E10096B2A6 /* Build configuration list for PBXNativeTarget "RickAndMorty-MVVM-C" */;
			buildPhases = (
				35CEEA062C9494DF0096B2A6 /* Sources */,
				35CEEA072C9494DF0096B2A6 /* Frameworks */,
				35CEEA082C9494DF0096B2A6 /* Resources */,
			);
			buildRules = (
			);
			dependencies = (
			);
			name = "RickAndMorty-MVVM-C";
			productName = "RickAndMorty-MVVM-C";
			productReference = 35CEEA0A2C9494DF0096B2A6 /* RickAndMorty-MVVM-C.app */;
			productType = "com.apple.product-type.application";
		};
/* End PBXNativeTarget section */

/* Begin PBXProject section */
		35CEEA022C9494DF0096B2A6 /* Project object */ = {
			isa = PBXProject;
			attributes = {
				BuildIndependentTargetsInParallel = 1;
				LastSwiftUpdateCheck = 1530;
				LastUpgradeCheck = 1530;
				TargetAttributes = {
					35CEEA092C9494DF0096B2A6 = {
						CreatedOnToolsVersion = 15.3;
					};
				};
			};
			buildConfigurationList = 35CEEA052C9494DF0096B2A6 /* Build configuration list for PBXProject "RickAndMorty-MVVM-C" */;
			compatibilityVersion = "Xcode 14.0";
			developmentRegion = en;
			hasScannedForEncodings = 0;
			knownRegions = (
				en,
				Base,
			);
			mainGroup = 35CEEA012C9494DF0096B2A6;
			productRefGroup = 35CEEA0B2C9494DF0096B2A6 /* Products */;
			projectDirPath = "";
			projectRoot = "";
			targets = (
				35CEEA092C9494DF0096B2A6 /* RickAndMorty-MVVM-C */,
			);
		};
/* End PBXProject section */

/* Begin PBXResourcesBuildPhase section */
		35CEEA082C9494DF0096B2A6 /* Resources */ = {
			isa = PBXResourcesBuildPhase;
			buildActionMask = 2147483647;
			files = (
				35CEEA172C9494E10096B2A6 /* Assets.xcassets in Resources */,
				35CEEA1A2C9494E10096B2A6 /* Base in Resources */,
			);
			runOnlyForDeploymentPostprocessing = 0;
		};
/* End PBXResourcesBuildPhase section */

/* Begin PBXSourcesBuildPhase section */
		35CEEA062C9494DF0096B2A6 /* Sources */ = {
			isa = PBXSourcesBuildPhase;
			buildActionMask = 2147483647;
			files = (
				35CEEA432C94B0E30096B2A6 /* AppFactory.swift in Sources */,
				35CEEA3E2C94B05E0096B2A6 /* Coordinator.swift in Sources */,
				35CEEA412C94B09E0096B2A6 /* AppCoordinator.swift in Sources */,
				35CEEA122C9494DF0096B2A6 /* HomeMenuController.swift in Sources */,
				35CEEA0E2C9494DF0096B2A6 /* AppDelegate.swift in Sources */,
				35CEEA472C94B3B30096B2A6 /* HomeFactory.swift in Sources */,
				35CEEA452C94B37D0096B2A6 /* HomeCoordinator.swift in Sources */,
				35CEEA102C9494DF0096B2A6 /* SceneDelegate.swift in Sources */,
			);
			runOnlyForDeploymentPostprocessing = 0;
		};
/* End PBXSourcesBuildPhase section */

/* Begin PBXVariantGroup section */
		35CEEA182C9494E10096B2A6 /* LaunchScreen.storyboard */ = {
			isa = PBXVariantGroup;
			children = (
				35CEEA192C9494E10096B2A6 /* Base */,
			);
			name = LaunchScreen.storyboard;
			sourceTree = "<group>";
		};
/* End PBXVariantGroup section */

/* Begin XCBuildConfiguration section */
		35CEEA1C2C9494E10096B2A6 /* Debug */ = {
			isa = XCBuildConfiguration;
			buildSettings = {
				ALWAYS_SEARCH_USER_PATHS = NO;
				ASSETCATALOG_COMPILER_GENERATE_SWIFT_ASSET_SYMBOL_EXTENSIONS = YES;
				CLANG_ANALYZER_NONNULL = YES;
				CLANG_ANALYZER_NUMBER_OBJECT_CONVERSION = YES_AGGRESSIVE;
				CLANG_CXX_LANGUAGE_STANDARD = "gnu++20";
				CLANG_ENABLE_MODULES = YES;
				CLANG_ENABLE_OBJC_ARC = YES;
				CLANG_ENABLE_OBJC_WEAK = YES;
				CLANG_WARN_BLOCK_CAPTURE_AUTORELEASING = YES;
				CLANG_WARN_BOOL_CONVERSION = YES;
				CLANG_WARN_COMMA = YES;
				CLANG_WARN_CONSTANT_CONVERSION = YES;
				CLANG_WARN_DEPRECATED_OBJC_IMPLEMENTATIONS = YES;
				CLANG_WARN_DIRECT_OBJC_ISA_USAGE = YES_ERROR;
				CLANG_WARN_DOCUMENTATION_COMMENTS = YES;
				CLANG_WARN_EMPTY_BODY = YES;
				CLANG_WARN_ENUM_CONVERSION = YES;
				CLANG_WARN_INFINITE_RECURSION = YES;
				CLANG_WARN_INT_CONVERSION = YES;
				CLANG_WARN_NON_LITERAL_NULL_CONVERSION = YES;
				CLANG_WARN_OBJC_IMPLICIT_RETAIN_SELF = YES;
				CLANG_WARN_OBJC_LITERAL_CONVERSION = YES;
				CLANG_WARN_OBJC_ROOT_CLASS = YES_ERROR;
				CLANG_WARN_QUOTED_INCLUDE_IN_FRAMEWORK_HEADER = YES;
				CLANG_WARN_RANGE_LOOP_ANALYSIS = YES;
				CLANG_WARN_STRICT_PROTOTYPES = YES;
				CLANG_WARN_SUSPICIOUS_MOVE = YES;
				CLANG_WARN_UNGUARDED_AVAILABILITY = YES_AGGRESSIVE;
				CLANG_WARN_UNREACHABLE_CODE = YES;
				CLANG_WARN__DUPLICATE_METHOD_MATCH = YES;
				COPY_PHASE_STRIP = NO;
				DEBUG_INFORMATION_FORMAT = dwarf;
				ENABLE_STRICT_OBJC_MSGSEND = YES;
				ENABLE_TESTABILITY = YES;
				ENABLE_USER_SCRIPT_SANDBOXING = YES;
				GCC_C_LANGUAGE_STANDARD = gnu17;
				GCC_DYNAMIC_NO_PIC = NO;
				GCC_NO_COMMON_BLOCKS = YES;
				GCC_OPTIMIZATION_LEVEL = 0;
				GCC_PREPROCESSOR_DEFINITIONS = (
					"DEBUG=1",
					"$(inherited)",
				);
				GCC_WARN_64_TO_32_BIT_CONVERSION = YES;
				GCC_WARN_ABOUT_RETURN_TYPE = YES_ERROR;
				GCC_WARN_UNDECLARED_SELECTOR = YES;
				GCC_WARN_UNINITIALIZED_AUTOS = YES_AGGRESSIVE;
				GCC_WARN_UNUSED_FUNCTION = YES;
				GCC_WARN_UNUSED_VARIABLE = YES;
				IPHONEOS_DEPLOYMENT_TARGET = 17.4;
				LOCALIZATION_PREFERS_STRING_CATALOGS = YES;
				MTL_ENABLE_DEBUG_INFO = INCLUDE_SOURCE;
				MTL_FAST_MATH = YES;
				ONLY_ACTIVE_ARCH = YES;
				SDKROOT = iphoneos;
				SWIFT_ACTIVE_COMPILATION_CONDITIONS = "DEBUG $(inherited)";
				SWIFT_OPTIMIZATION_LEVEL = "-Onone";
			};
			name = Debug;
		};
		35CEEA1D2C9494E10096B2A6 /* Release */ = {
			isa = XCBuildConfiguration;
			buildSettings = {
				ALWAYS_SEARCH_USER_PATHS = NO;
				ASSETCATALOG_COMPILER_GENERATE_SWIFT_ASSET_SYMBOL_EXTENSIONS = YES;
				CLANG_ANALYZER_NONNULL = YES;
				CLANG_ANALYZER_NUMBER_OBJECT_CONVERSION = YES_AGGRESSIVE;
				CLANG_CXX_LANGUAGE_STANDARD = "gnu++20";
				CLANG_ENABLE_MODULES = YES;
				CLANG_ENABLE_OBJC_ARC = YES;
				CLANG_ENABLE_OBJC_WEAK = YES;
				CLANG_WARN_BLOCK_CAPTURE_AUTORELEASING = YES;
				CLANG_WARN_BOOL_CONVERSION = YES;
				CLANG_WARN_COMMA = YES;
				CLANG_WARN_CONSTANT_CONVERSION = YES;
				CLANG_WARN_DEPRECATED_OBJC_IMPLEMENTATIONS = YES;
				CLANG_WARN_DIRECT_OBJC_ISA_USAGE = YES_ERROR;
				CLANG_WARN_DOCUMENTATION_COMMENTS = YES;
				CLANG_WARN_EMPTY_BODY = YES;
				CLANG_WARN_ENUM_CONVERSION = YES;
				CLANG_WARN_INFINITE_RECURSION = YES;
				CLANG_WARN_INT_CONVERSION = YES;
				CLANG_WARN_NON_LITERAL_NULL_CONVERSION = YES;
				CLANG_WARN_OBJC_IMPLICIT_RETAIN_SELF = YES;
				CLANG_WARN_OBJC_LITERAL_CONVERSION = YES;
				CLANG_WARN_OBJC_ROOT_CLASS = YES_ERROR;
				CLANG_WARN_QUOTED_INCLUDE_IN_FRAMEWORK_HEADER = YES;
				CLANG_WARN_RANGE_LOOP_ANALYSIS = YES;
				CLANG_WARN_STRICT_PROTOTYPES = YES;
				CLANG_WARN_SUSPICIOUS_MOVE = YES;
				CLANG_WARN_UNGUARDED_AVAILABILITY = YES_AGGRESSIVE;
				CLANG_WARN_UNREACHABLE_CODE = YES;
				CLANG_WARN__DUPLICATE_METHOD_MATCH = YES;
				COPY_PHASE_STRIP = NO;
				DEBUG_INFORMATION_FORMAT = "dwarf-with-dsym";
				ENABLE_NS_ASSERTIONS = NO;
				ENABLE_STRICT_OBJC_MSGSEND = YES;
				ENABLE_USER_SCRIPT_SANDBOXING = YES;
				GCC_C_LANGUAGE_STANDARD = gnu17;
				GCC_NO_COMMON_BLOCKS = YES;
				GCC_WARN_64_TO_32_BIT_CONVERSION = YES;
				GCC_WARN_ABOUT_RETURN_TYPE = YES_ERROR;
				GCC_WARN_UNDECLARED_SELECTOR = YES;
				GCC_WARN_UNINITIALIZED_AUTOS = YES_AGGRESSIVE;
				GCC_WARN_UNUSED_FUNCTION = YES;
				GCC_WARN_UNUSED_VARIABLE = YES;
				IPHONEOS_DEPLOYMENT_TARGET = 17.4;
				LOCALIZATION_PREFERS_STRING_CATALOGS = YES;
				MTL_ENABLE_DEBUG_INFO = NO;
				MTL_FAST_MATH = YES;
				SDKROOT = iphoneos;
				SWIFT_COMPILATION_MODE = wholemodule;
				VALIDATE_PRODUCT = YES;
			};
			name = Release;
		};
		35CEEA1F2C9494E10096B2A6 /* Debug */ = {
			isa = XCBuildConfiguration;
			buildSettings = {
				ASSETCATALOG_COMPILER_APPICON_NAME = AppIcon;
				ASSETCATALOG_COMPILER_GLOBAL_ACCENT_COLOR_NAME = AccentColor;
				CODE_SIGN_STYLE = Automatic;
				CURRENT_PROJECT_VERSION = 1;
				GENERATE_INFOPLIST_FILE = YES;
				INFOPLIST_FILE = "RickAndMorty-MVVM-C/Info.plist";
				INFOPLIST_KEY_UIApplicationSupportsIndirectInputEvents = YES;
				INFOPLIST_KEY_UILaunchStoryboardName = LaunchScreen;
				INFOPLIST_KEY_UISupportedInterfaceOrientations = UIInterfaceOrientationPortrait;
				INFOPLIST_KEY_UISupportedInterfaceOrientations_iPad = "UIInterfaceOrientationLandscapeLeft UIInterfaceOrientationLandscapeRight UIInterfaceOrientationPortrait UIInterfaceOrientationPortraitUpsideDown";
				LD_RUNPATH_SEARCH_PATHS = (
					"$(inherited)",
					"@executable_path/Frameworks",
				);
				MARKETING_VERSION = 1.0;
				PRODUCT_BUNDLE_IDENTIFIER = "com.jchernandez.RickAndMorty-MVVM-C";
				PRODUCT_NAME = "$(TARGET_NAME)";
				SUPPORTED_PLATFORMS = "iphoneos iphonesimulator";
				SUPPORTS_MACCATALYST = NO;
				SUPPORTS_MAC_DESIGNED_FOR_IPHONE_IPAD = NO;
				SUPPORTS_XR_DESIGNED_FOR_IPHONE_IPAD = NO;
				SWIFT_EMIT_LOC_STRINGS = YES;
				SWIFT_VERSION = 5.0;
				TARGETED_DEVICE_FAMILY = 1;
			};
			name = Debug;
		};
		35CEEA202C9494E10096B2A6 /* Release */ = {
			isa = XCBuildConfiguration;
			buildSettings = {
				ASSETCATALOG_COMPILER_APPICON_NAME = AppIcon;
				ASSETCATALOG_COMPILER_GLOBAL_ACCENT_COLOR_NAME = AccentColor;
				CODE_SIGN_STYLE = Automatic;
				CURRENT_PROJECT_VERSION = 1;
				GENERATE_INFOPLIST_FILE = YES;
				INFOPLIST_FILE = "RickAndMorty-MVVM-C/Info.plist";
				INFOPLIST_KEY_UIApplicationSupportsIndirectInputEvents = YES;
				INFOPLIST_KEY_UILaunchStoryboardName = LaunchScreen;
				INFOPLIST_KEY_UISupportedInterfaceOrientations = UIInterfaceOrientationPortrait;
				INFOPLIST_KEY_UISupportedInterfaceOrientations_iPad = "UIInterfaceOrientationLandscapeLeft UIInterfaceOrientationLandscapeRight UIInterfaceOrientationPortrait UIInterfaceOrientationPortraitUpsideDown";
				LD_RUNPATH_SEARCH_PATHS = (
					"$(inherited)",
					"@executable_path/Frameworks",
				);
				MARKETING_VERSION = 1.0;
				PRODUCT_BUNDLE_IDENTIFIER = "com.jchernandez.RickAndMorty-MVVM-C";
				PRODUCT_NAME = "$(TARGET_NAME)";
				SUPPORTED_PLATFORMS = "iphoneos iphonesimulator";
				SUPPORTS_MACCATALYST = NO;
				SUPPORTS_MAC_DESIGNED_FOR_IPHONE_IPAD = NO;
				SUPPORTS_XR_DESIGNED_FOR_IPHONE_IPAD = NO;
				SWIFT_EMIT_LOC_STRINGS = YES;
				SWIFT_VERSION = 5.0;
				TARGETED_DEVICE_FAMILY = 1;
			};
			name = Release;
		};
/* End XCBuildConfiguration section */

/* Begin XCConfigurationList section */
		35CEEA052C9494DF0096B2A6 /* Build configuration list for PBXProject "RickAndMorty-MVVM-C" */ = {
			isa = XCConfigurationList;
			buildConfigurations = (
				35CEEA1C2C9494E10096B2A6 /* Debug */,
				35CEEA1D2C9494E10096B2A6 /* Release */,
			);
			defaultConfigurationIsVisible = 0;
			defaultConfigurationName = Release;
		};
		35CEEA1E2C9494E10096B2A6 /* Build configuration list for PBXNativeTarget "RickAndMorty-MVVM-C" */ = {
			isa = XCConfigurationList;
			buildConfigurations = (
				35CEEA1F2C9494E10096B2A6 /* Debug */,
				35CEEA202C9494E10096B2A6 /* Release */,
			);
			defaultConfigurationIsVisible = 0;
			defaultConfigurationName = Release;
		};
/* End XCConfigurationList section */
	};
	rootObject = 35CEEA022C9494DF0096B2A6 /* Project object */;
}
